// !$*UTF8*$!
{
	archiveVersion = 1;
	classes = {
	};
	objectVersion = 56;
	objects = {

/* Begin PBXBuildFile section */
		8405BADF2AF5694D00EDCAF4 /* SetCardView.swift in Sources */ = {isa = PBXBuildFile; fileRef = 8405BADE2AF5694D00EDCAF4 /* SetCardView.swift */; };
		8405BAE12AF56B3000EDCAF4 /* Cardify.swift in Sources */ = {isa = PBXBuildFile; fileRef = 8405BAE02AF56B3000EDCAF4 /* Cardify.swift */; };
		84545BF52AF4543C005131CB /* SetSwiftUiApp.swift in Sources */ = {isa = PBXBuildFile; fileRef = 84545BF42AF4543C005131CB /* SetSwiftUiApp.swift */; };
		84545BF72AF4543C005131CB /* SetGameView.swift in Sources */ = {isa = PBXBuildFile; fileRef = 84545BF62AF4543C005131CB /* SetGameView.swift */; };
		84545BF92AF4543D005131CB /* Assets.xcassets in Resources */ = {isa = PBXBuildFile; fileRef = 84545BF82AF4543D005131CB /* Assets.xcassets */; };
		84545BFC2AF4543D005131CB /* Preview Assets.xcassets in Resources */ = {isa = PBXBuildFile; fileRef = 84545BFB2AF4543D005131CB /* Preview Assets.xcassets */; };
		84545C062AF4595E005131CB /* SetGame.swift in Sources */ = {isa = PBXBuildFile; fileRef = 84545C052AF4595E005131CB /* SetGame.swift */; };
		84545C092AF45AF8005131CB /* AspectVGrid.swift in Sources */ = {isa = PBXBuildFile; fileRef = 84545C082AF45AF8005131CB /* AspectVGrid.swift */; };
		84545C0B2AF5459D005131CB /* SetGameViewModel.swift in Sources */ = {isa = PBXBuildFile; fileRef = 84545C0A2AF5459D005131CB /* SetGameViewModel.swift */; };
		84DAAEB42B110881003EAB4A /* README.md in Resources */ = {isa = PBXBuildFile; fileRef = 84DAAEB32B110881003EAB4A /* README.md */; };
		84DAAEBA2B1119D4003EAB4A /* gameplay.gif in Resources */ = {isa = PBXBuildFile; fileRef = 84DAAEB92B1119D4003EAB4A /* gameplay.gif */; };
		84DEC2952AF5B32900E1D8C2 /* Diamond.swift in Sources */ = {isa = PBXBuildFile; fileRef = 84DEC2942AF5B32900E1D8C2 /* Diamond.swift */; };
/* End PBXBuildFile section */

/* Begin PBXFileReference section */
		8405BADE2AF5694D00EDCAF4 /* SetCardView.swift */ = {isa = PBXFileReference; lastKnownFileType = sourcecode.swift; path = SetCardView.swift; sourceTree = "<group>"; };
		8405BAE02AF56B3000EDCAF4 /* Cardify.swift */ = {isa = PBXFileReference; lastKnownFileType = sourcecode.swift; path = Cardify.swift; sourceTree = "<group>"; };
		84545BF12AF4543C005131CB /* SetSwiftUi.app */ = {isa = PBXFileReference; explicitFileType = wrapper.application; includeInIndex = 0; path = SetSwiftUi.app; sourceTree = BUILT_PRODUCTS_DIR; };
		84545BF42AF4543C005131CB /* SetSwiftUiApp.swift */ = {isa = PBXFileReference; lastKnownFileType = sourcecode.swift; path = SetSwiftUiApp.swift; sourceTree = "<group>"; };
		84545BF62AF4543C005131CB /* SetGameView.swift */ = {isa = PBXFileReference; lastKnownFileType = sourcecode.swift; path = SetGameView.swift; sourceTree = "<group>"; };
		84545BF82AF4543D005131CB /* Assets.xcassets */ = {isa = PBXFileReference; lastKnownFileType = folder.assetcatalog; path = Assets.xcassets; sourceTree = "<group>"; };
		84545BFB2AF4543D005131CB /* Preview Assets.xcassets */ = {isa = PBXFileReference; lastKnownFileType = folder.assetcatalog; path = "Preview Assets.xcassets"; sourceTree = "<group>"; };
		84545C052AF4595E005131CB /* SetGame.swift */ = {isa = PBXFileReference; lastKnownFileType = sourcecode.swift; path = SetGame.swift; sourceTree = "<group>"; };
		84545C082AF45AF8005131CB /* AspectVGrid.swift */ = {isa = PBXFileReference; lastKnownFileType = sourcecode.swift; path = AspectVGrid.swift; sourceTree = "<group>"; };
		84545C0A2AF5459D005131CB /* SetGameViewModel.swift */ = {isa = PBXFileReference; lastKnownFileType = sourcecode.swift; path = SetGameViewModel.swift; sourceTree = "<group>"; };
		84DAAEB32B110881003EAB4A /* README.md */ = {isa = PBXFileReference; lastKnownFileType = net.daringfireball.markdown; path = README.md; sourceTree = "<group>"; };
		84DAAEB92B1119D4003EAB4A /* gameplay.gif */ = {isa = PBXFileReference; lastKnownFileType = image.gif; path = gameplay.gif; sourceTree = "<group>"; };
		84DEC2942AF5B32900E1D8C2 /* Diamond.swift */ = {isa = PBXFileReference; lastKnownFileType = sourcecode.swift; path = Diamond.swift; sourceTree = "<group>"; };
/* End PBXFileReference section */

/* Begin PBXFrameworksBuildPhase section */
		84545BEE2AF4543C005131CB /* Frameworks */ = {
			isa = PBXFrameworksBuildPhase;
			buildActionMask = 2147483647;
			files = (
			);
			runOnlyForDeploymentPostprocessing = 0;
		};
/* End PBXFrameworksBuildPhase section */

/* Begin PBXGroup section */
		84545BE82AF4543C005131CB = {
			isa = PBXGroup;
			children = (
				84DAAEB32B110881003EAB4A /* README.md */,
				84DAAEB92B1119D4003EAB4A /* gameplay.gif */,
				84545BF32AF4543C005131CB /* SetSwiftUi */,
				84545BF22AF4543C005131CB /* Products */,
			);
			sourceTree = "<group>";
		};
		84545BF22AF4543C005131CB /* Products */ = {
			isa = PBXGroup;
			children = (
				84545BF12AF4543C005131CB /* SetSwiftUi.app */,
			);
			name = Products;
			sourceTree = "<group>";
		};
		84545BF32AF4543C005131CB /* SetSwiftUi */ = {
			isa = PBXGroup;
			children = (
				84545C072AF45984005131CB /* Supporting Files */,
				84545C022AF45913005131CB /* Models */,
				84545C032AF45921005131CB /* Views */,
				84545C042AF4592B005131CB /* ViewModels */,
				84545BFA2AF4543D005131CB /* Preview Content */,
			);
			path = SetSwiftUi;
			sourceTree = "<group>";
		};
		84545BFA2AF4543D005131CB /* Preview Content */ = {
			isa = PBXGroup;
			children = (
				84545BFB2AF4543D005131CB /* Preview Assets.xcassets */,
			);
			path = "Preview Content";
			sourceTree = "<group>";
		};
		84545C022AF45913005131CB /* Models */ = {
			isa = PBXGroup;
			children = (
				84545C052AF4595E005131CB /* SetGame.swift */,
			);
			path = Models;
			sourceTree = "<group>";
		};
		84545C032AF45921005131CB /* Views */ = {
			isa = PBXGroup;
			children = (
				84545BF62AF4543C005131CB /* SetGameView.swift */,
				84545C082AF45AF8005131CB /* AspectVGrid.swift */,
				8405BADE2AF5694D00EDCAF4 /* SetCardView.swift */,
				8405BAE02AF56B3000EDCAF4 /* Cardify.swift */,
				84DEC2942AF5B32900E1D8C2 /* Diamond.swift */,
			);
			path = Views;
			sourceTree = "<group>";
		};
		84545C042AF4592B005131CB /* ViewModels */ = {
			isa = PBXGroup;
			children = (
				84545C0A2AF5459D005131CB /* SetGameViewModel.swift */,
			);
			path = ViewModels;
			sourceTree = "<group>";
		};
		84545C072AF45984005131CB /* Supporting Files */ = {
			isa = PBXGroup;
			children = (
				84545BF82AF4543D005131CB /* Assets.xcassets */,
				84545BF42AF4543C005131CB /* SetSwiftUiApp.swift */,
			);
			path = "Supporting Files";
			sourceTree = "<group>";
		};
/* End PBXGroup section */

/* Begin PBXNativeTarget section */
		84545BF02AF4543C005131CB /* SetSwiftUi */ = {
			isa = PBXNativeTarget;
			buildConfigurationList = 84545BFF2AF4543D005131CB /* Build configuration list for PBXNativeTarget "SetSwiftUi" */;
			buildPhases = (
				84545BED2AF4543C005131CB /* Sources */,
				84545BEE2AF4543C005131CB /* Frameworks */,
				84545BEF2AF4543C005131CB /* Resources */,
			);
			buildRules = (
			);
			dependencies = (
			);
			name = SetSwiftUi;
			productName = SetSwiftUi;
			productReference = 84545BF12AF4543C005131CB /* SetSwiftUi.app */;
			productType = "com.apple.product-type.application";
		};
/* End PBXNativeTarget section */

/* Begin PBXProject section */
		84545BE92AF4543C005131CB /* Project object */ = {
			isa = PBXProject;
			attributes = {
				BuildIndependentTargetsInParallel = 1;
				LastSwiftUpdateCheck = 1500;
				LastUpgradeCheck = 1500;
				TargetAttributes = {
					84545BF02AF4543C005131CB = {
						CreatedOnToolsVersion = 15.0.1;
					};
				};
			};
			buildConfigurationList = 84545BEC2AF4543C005131CB /* Build configuration list for PBXProject "SetSwiftUi" */;
			compatibilityVersion = "Xcode 14.0";
			developmentRegion = en;
			hasScannedForEncodings = 0;
			knownRegions = (
				en,
				Base,
			);
			mainGroup = 84545BE82AF4543C005131CB;
			productRefGroup = 84545BF22AF4543C005131CB /* Products */;
			projectDirPath = "";
			projectRoot = "";
			targets = (
				84545BF02AF4543C005131CB /* SetSwiftUi */,
			);
		};
/* End PBXProject section */

/* Begin PBXResourcesBuildPhase section */
		84545BEF2AF4543C005131CB /* Resources */ = {
			isa = PBXResourcesBuildPhase;
			buildActionMask = 2147483647;
			files = (
				84DAAEB42B110881003EAB4A /* README.md in Resources */,
				84545BFC2AF4543D005131CB /* Preview Assets.xcassets in Resources */,
				84545BF92AF4543D005131CB /* Assets.xcassets in Resources */,
				84DAAEBA2B1119D4003EAB4A /* gameplay.gif in Resources */,
			);
			runOnlyForDeploymentPostprocessing = 0;
		};
/* End PBXResourcesBuildPhase section */

/* Begin PBXSourcesBuildPhase section */
		84545BED2AF4543C005131CB /* Sources */ = {
			isa = PBXSourcesBuildPhase;
			buildActionMask = 2147483647;
			files = (
				84545C092AF45AF8005131CB /* AspectVGrid.swift in Sources */,
				8405BAE12AF56B3000EDCAF4 /* Cardify.swift in Sources */,
				8405BADF2AF5694D00EDCAF4 /* SetCardView.swift in Sources */,
				84545BF72AF4543C005131CB /* SetGameView.swift in Sources */,
				84DEC2952AF5B32900E1D8C2 /* Diamond.swift in Sources */,
				84545C062AF4595E005131CB /* SetGame.swift in Sources */,
				84545BF52AF4543C005131CB /* SetSwiftUiApp.swift in Sources */,
				84545C0B2AF5459D005131CB /* SetGameViewModel.swift in Sources */,
			);
			runOnlyForDeploymentPostprocessing = 0;
		};
/* End PBXSourcesBuildPhase section */

/* Begin XCBuildConfiguration section */
		84545BFD2AF4543D005131CB /* Debug */ = {
			isa = XCBuildConfiguration;
			buildSettings = {
				ALWAYS_SEARCH_USER_PATHS = NO;
				ASSETCATALOG_COMPILER_GENERATE_SWIFT_ASSET_SYMBOL_EXTENSIONS = YES;
				CLANG_ANALYZER_NONNULL = YES;
				CLANG_ANALYZER_NUMBER_OBJECT_CONVERSION = YES_AGGRESSIVE;
				CLANG_CXX_LANGUAGE_STANDARD = "gnu++20";
				CLANG_ENABLE_MODULES = YES;
				CLANG_ENABLE_OBJC_ARC = YES;
				CLANG_ENABLE_OBJC_WEAK = YES;
				CLANG_WARN_BLOCK_CAPTURE_AUTORELEASING = YES;
				CLANG_WARN_BOOL_CONVERSION = YES;
				CLANG_WARN_COMMA = YES;
				CLANG_WARN_CONSTANT_CONVERSION = YES;
				CLANG_WARN_DEPRECATED_OBJC_IMPLEMENTATIONS = YES;
				CLANG_WARN_DIRECT_OBJC_ISA_USAGE = YES_ERROR;
				CLANG_WARN_DOCUMENTATION_COMMENTS = YES;
				CLANG_WARN_EMPTY_BODY = YES;
				CLANG_WARN_ENUM_CONVERSION = YES;
				CLANG_WARN_INFINITE_RECURSION = YES;
				CLANG_WARN_INT_CONVERSION = YES;
				CLANG_WARN_NON_LITERAL_NULL_CONVERSION = YES;
				CLANG_WARN_OBJC_IMPLICIT_RETAIN_SELF = YES;
				CLANG_WARN_OBJC_LITERAL_CONVERSION = YES;
				CLANG_WARN_OBJC_ROOT_CLASS = YES_ERROR;
				CLANG_WARN_QUOTED_INCLUDE_IN_FRAMEWORK_HEADER = YES;
				CLANG_WARN_RANGE_LOOP_ANALYSIS = YES;
				CLANG_WARN_STRICT_PROTOTYPES = YES;
				CLANG_WARN_SUSPICIOUS_MOVE = YES;
				CLANG_WARN_UNGUARDED_AVAILABILITY = YES_AGGRESSIVE;
				CLANG_WARN_UNREACHABLE_CODE = YES;
				CLANG_WARN__DUPLICATE_METHOD_MATCH = YES;
				COPY_PHASE_STRIP = NO;
				DEBUG_INFORMATION_FORMAT = dwarf;
				ENABLE_STRICT_OBJC_MSGSEND = YES;
				ENABLE_TESTABILITY = YES;
				ENABLE_USER_SCRIPT_SANDBOXING = YES;
				GCC_C_LANGUAGE_STANDARD = gnu17;
				GCC_DYNAMIC_NO_PIC = NO;
				GCC_NO_COMMON_BLOCKS = YES;
				GCC_OPTIMIZATION_LEVEL = 0;
				GCC_PREPROCESSOR_DEFINITIONS = (
					"DEBUG=1",
					"$(inherited)",
				);
				GCC_WARN_64_TO_32_BIT_CONVERSION = YES;
				GCC_WARN_ABOUT_RETURN_TYPE = YES_ERROR;
				GCC_WARN_UNDECLARED_SELECTOR = YES;
				GCC_WARN_UNINITIALIZED_AUTOS = YES_AGGRESSIVE;
				GCC_WARN_UNUSED_FUNCTION = YES;
				GCC_WARN_UNUSED_VARIABLE = YES;
				IPHONEOS_DEPLOYMENT_TARGET = 17.0;
				LOCALIZATION_PREFERS_STRING_CATALOGS = YES;
				MTL_ENABLE_DEBUG_INFO = INCLUDE_SOURCE;
				MTL_FAST_MATH = YES;
				ONLY_ACTIVE_ARCH = YES;
				SDKROOT = iphoneos;
				SWIFT_ACTIVE_COMPILATION_CONDITIONS = "DEBUG $(inherited)";
				SWIFT_OPTIMIZATION_LEVEL = "-Onone";
			};
			name = Debug;
		};
		84545BFE2AF4543D005131CB /* Release */ = {
			isa = XCBuildConfiguration;
			buildSettings = {
				ALWAYS_SEARCH_USER_PATHS = NO;
				ASSETCATALOG_COMPILER_GENERATE_SWIFT_ASSET_SYMBOL_EXTENSIONS = YES;
				CLANG_ANALYZER_NONNULL = YES;
				CLANG_ANALYZER_NUMBER_OBJECT_CONVERSION = YES_AGGRESSIVE;
				CLANG_CXX_LANGUAGE_STANDARD = "gnu++20";
				CLANG_ENABLE_MODULES = YES;
				CLANG_ENABLE_OBJC_ARC = YES;
				CLANG_ENABLE_OBJC_WEAK = YES;
				CLANG_WARN_BLOCK_CAPTURE_AUTORELEASING = YES;
				CLANG_WARN_BOOL_CONVERSION = YES;
				CLANG_WARN_COMMA = YES;
				CLANG_WARN_CONSTANT_CONVERSION = YES;
				CLANG_WARN_DEPRECATED_OBJC_IMPLEMENTATIONS = YES;
				CLANG_WARN_DIRECT_OBJC_ISA_USAGE = YES_ERROR;
				CLANG_WARN_DOCUMENTATION_COMMENTS = YES;
				CLANG_WARN_EMPTY_BODY = YES;
				CLANG_WARN_ENUM_CONVERSION = YES;
				CLANG_WARN_INFINITE_RECURSION = YES;
				CLANG_WARN_INT_CONVERSION = YES;
				CLANG_WARN_NON_LITERAL_NULL_CONVERSION = YES;
				CLANG_WARN_OBJC_IMPLICIT_RETAIN_SELF = YES;
				CLANG_WARN_OBJC_LITERAL_CONVERSION = YES;
				CLANG_WARN_OBJC_ROOT_CLASS = YES_ERROR;
				CLANG_WARN_QUOTED_INCLUDE_IN_FRAMEWORK_HEADER = YES;
				CLANG_WARN_RANGE_LOOP_ANALYSIS = YES;
				CLANG_WARN_STRICT_PROTOTYPES = YES;
				CLANG_WARN_SUSPICIOUS_MOVE = YES;
				CLANG_WARN_UNGUARDED_AVAILABILITY = YES_AGGRESSIVE;
				CLANG_WARN_UNREACHABLE_CODE = YES;
				CLANG_WARN__DUPLICATE_METHOD_MATCH = YES;
				COPY_PHASE_STRIP = NO;
				DEBUG_INFORMATION_FORMAT = "dwarf-with-dsym";
				ENABLE_NS_ASSERTIONS = NO;
				ENABLE_STRICT_OBJC_MSGSEND = YES;
				ENABLE_USER_SCRIPT_SANDBOXING = YES;
				GCC_C_LANGUAGE_STANDARD = gnu17;
				GCC_NO_COMMON_BLOCKS = YES;
				GCC_WARN_64_TO_32_BIT_CONVERSION = YES;
				GCC_WARN_ABOUT_RETURN_TYPE = YES_ERROR;
				GCC_WARN_UNDECLARED_SELECTOR = YES;
				GCC_WARN_UNINITIALIZED_AUTOS = YES_AGGRESSIVE;
				GCC_WARN_UNUSED_FUNCTION = YES;
				GCC_WARN_UNUSED_VARIABLE = YES;
				IPHONEOS_DEPLOYMENT_TARGET = 17.0;
				LOCALIZATION_PREFERS_STRING_CATALOGS = YES;
				MTL_ENABLE_DEBUG_INFO = NO;
				MTL_FAST_MATH = YES;
				SDKROOT = iphoneos;
				SWIFT_COMPILATION_MODE = wholemodule;
				VALIDATE_PRODUCT = YES;
			};
			name = Release;
		};
		84545C002AF4543D005131CB /* Debug */ = {
			isa = XCBuildConfiguration;
			buildSettings = {
				ASSETCATALOG_COMPILER_APPICON_NAME = AppIcon;
				ASSETCATALOG_COMPILER_GLOBAL_ACCENT_COLOR_NAME = AccentColor;
				CODE_SIGN_STYLE = Automatic;
				CURRENT_PROJECT_VERSION = 1;
				DEVELOPMENT_ASSET_PATHS = "\"SetSwiftUi/Preview Content\"";
				DEVELOPMENT_TEAM = B8JM9B93DS;
				ENABLE_PREVIEWS = YES;
				GENERATE_INFOPLIST_FILE = YES;
				INFOPLIST_KEY_UIApplicationSceneManifest_Generation = YES;
				INFOPLIST_KEY_UIApplicationSupportsIndirectInputEvents = YES;
				INFOPLIST_KEY_UILaunchScreen_Generation = YES;
				INFOPLIST_KEY_UISupportedInterfaceOrientations_iPad = "UIInterfaceOrientationPortrait UIInterfaceOrientationPortraitUpsideDown UIInterfaceOrientationLandscapeLeft UIInterfaceOrientationLandscapeRight";
				INFOPLIST_KEY_UISupportedInterfaceOrientations_iPhone = "UIInterfaceOrientationPortrait UIInterfaceOrientationLandscapeLeft UIInterfaceOrientationLandscapeRight";
				LD_RUNPATH_SEARCH_PATHS = (
					"$(inherited)",
					"@executable_path/Frameworks",
				);
				MARKETING_VERSION = 1.0;
				PRODUCT_BUNDLE_IDENTIFIER = com.evrisevr.SetSwiftUi;
				PRODUCT_NAME = "$(TARGET_NAME)";
				RUN_DOCUMENTATION_COMPILER = NO;
				SWIFT_EMIT_LOC_STRINGS = YES;
				SWIFT_VERSION = 5.0;
				TARGETED_DEVICE_FAMILY = "1,2";
			};
			name = Debug;
		};
		84545C012AF4543D005131CB /* Release */ = {
			isa = XCBuildConfiguration;
			buildSettings = {
				ASSETCATALOG_COMPILER_APPICON_NAME = AppIcon;
				ASSETCATALOG_COMPILER_GLOBAL_ACCENT_COLOR_NAME = AccentColor;
				CODE_SIGN_STYLE = Automatic;
				CURRENT_PROJECT_VERSION = 1;
				DEVELOPMENT_ASSET_PATHS = "\"SetSwiftUi/Preview Content\"";
				DEVELOPMENT_TEAM = B8JM9B93DS;
				ENABLE_PREVIEWS = YES;
				GENERATE_INFOPLIST_FILE = YES;
				INFOPLIST_KEY_UIApplicationSceneManifest_Generation = YES;
				INFOPLIST_KEY_UIApplicationSupportsIndirectInputEvents = YES;
				INFOPLIST_KEY_UILaunchScreen_Generation = YES;
				INFOPLIST_KEY_UISupportedInterfaceOrientations_iPad = "UIInterfaceOrientationPortrait UIInterfaceOrientationPortraitUpsideDown UIInterfaceOrientationLandscapeLeft UIInterfaceOrientationLandscapeRight";
				INFOPLIST_KEY_UISupportedInterfaceOrientations_iPhone = "UIInterfaceOrientationPortrait UIInterfaceOrientationLandscapeLeft UIInterfaceOrientationLandscapeRight";
				LD_RUNPATH_SEARCH_PATHS = (
					"$(inherited)",
					"@executable_path/Frameworks",
				);
				MARKETING_VERSION = 1.0;
				PRODUCT_BUNDLE_IDENTIFIER = com.evrisevr.SetSwiftUi;
				PRODUCT_NAME = "$(TARGET_NAME)";
				RUN_DOCUMENTATION_COMPILER = NO;
				SWIFT_EMIT_LOC_STRINGS = YES;
				SWIFT_VERSION = 5.0;
				TARGETED_DEVICE_FAMILY = "1,2";
			};
			name = Release;
		};
/* End XCBuildConfiguration section */

/* Begin XCConfigurationList section */
		84545BEC2AF4543C005131CB /* Build configuration list for PBXProject "SetSwiftUi" */ = {
			isa = XCConfigurationList;
			buildConfigurations = (
				84545BFD2AF4543D005131CB /* Debug */,
				84545BFE2AF4543D005131CB /* Release */,
			);
			defaultConfigurationIsVisible = 0;
			defaultConfigurationName = Release;
		};
		84545BFF2AF4543D005131CB /* Build configuration list for PBXNativeTarget "SetSwiftUi" */ = {
			isa = XCConfigurationList;
			buildConfigurations = (
				84545C002AF4543D005131CB /* Debug */,
				84545C012AF4543D005131CB /* Release */,
			);
			defaultConfigurationIsVisible = 0;
			defaultConfigurationName = Release;
		};
/* End XCConfigurationList section */
	};
	rootObject = 84545BE92AF4543C005131CB /* Project object */;
}
